
Microsoft Visual Studio Solution File, Format Version 12.00
# Visual Studio 15
Project("{FAE04EC0-301F-11D3-BF4B-00C04F79EFBC}") = "Assembly-CSharp", "Assembly-CSharp.csproj", "{69708951-D64F-49F5-133F-0F09F71603DD}"
EndProject
Global
	GlobalSection(SolutionConfigurationPlatforms) = preSolution
		Debug|Any CPU = Debug|Any CPU
		Release|Any CPU = Release|Any CPU
	EndGlobalSection
	GlobalSection(ProjectConfigurationPlatforms) = postSolution
		{69708951-D64F-49F5-133F-0F09F71603DD}.Debug|Any CPU.ActiveCfg = Debug|Any CPU
		{69708951-D64F-49F5-133F-0F09F71603DD}.Debug|Any CPU.Build.0 = Debug|Any CPU
		{69708951-D64F-49F5-133F-0F09F71603DD}.Release|Any CPU.ActiveCfg = Release|Any CPU
		{69708951-D64F-49F5-133F-0F09F71603DD}.Release|Any CPU.Build.0 = Release|Any CPU
	EndGlobalSection
	GlobalSection(SolutionProperties) = preSolution
		HideSolutionNode = FALSE
	EndGlobalSection
EndGlobal
